
Microsoft Visual Studio Solution File, Format Version 12.00
# Visual Studio Version 16
VisualStudioVersion = 16.0.30114.105
MinimumVisualStudioVersion = 10.0.40219.1
Project("{8BC9CEB8-8B4A-11D0-8D11-00A0C91BC942}") = "Spring", "Spring.vcxproj", "{CB369459-1D84-4B53-83E8-8509798AD575}"
EndProject
Global
	GlobalSection(SolutionConfigurationPlatforms) = preSolution
		Debug|x64 = Debug|x64
		Debug|x86 = Debug|x86
		Release|x64 = Release|x64
		Release|x86 = Release|x86
	EndGlobalSection
	GlobalSection(ProjectConfigurationPlatforms) = postSolution
		{CB369459-1D84-4B53-83E8-8509798AD575}.Debug|x64.ActiveCfg = Debug|x64
		{CB369459-1D84-4B53-83E8-8509798AD575}.Debug|x64.Build.0 = Debug|x64
		{CB369459-1D84-4B53-83E8-8509798AD575}.Debug|x86.ActiveCfg = Debug|Win32
		{CB369459-1D84-4B53-83E8-8509798AD575}.Debug|x86.Build.0 = Debug|Win32
		{CB369459-1D84-4B53-83E8-8509798AD575}.Release|x64.ActiveCfg = Release|x64
		{CB369459-1D84-4B53-83E8-8509798AD575}.Release|x64.Build.0 = Release|x64
		{CB369459-1D84-4B53-83E8-8509798AD575}.Release|x86.ActiveCfg = Release|Win32
		{CB369459-1D84-4B53-83E8-8509798AD575}.Release|x86.Build.0 = Release|Win32
	EndGlobalSection
	GlobalSection(SolutionProperties) = preSolution
		HideSolutionNode = FALSE
	EndGlobalSection
	GlobalSection(ExtensibilityGlobals) = postSolution
		SolutionGuid = {035F11F8-063A-4E35-9EF6-059B30C6B5BF}
	EndGlobalSection
EndGlobal
